// !$*UTF8*$!
{
	archiveVersion = 1;
	classes = {
	};
	objectVersion = 55;
	objects = {

/* Begin PBXBuildFile section */
		3407806914BA9DDD4B3B197F /* Pods_CityAirportSearch.framework in Frameworks */ = {isa = PBXBuildFile; fileRef = BD8A1E2E948DCFDF0693A349 /* Pods_CityAirportSearch.framework */; };
		3A9811A52847510700DEAC32 /* AppDelegate.swift in Sources */ = {isa = PBXBuildFile; fileRef = 3A9811A42847510700DEAC32 /* AppDelegate.swift */; };
		3A9811A72847510700DEAC32 /* SceneDelegate.swift in Sources */ = {isa = PBXBuildFile; fileRef = 3A9811A62847510700DEAC32 /* SceneDelegate.swift */; };
		3A9811A92847510700DEAC32 /* SearchCityViewController.swift in Sources */ = {isa = PBXBuildFile; fileRef = 3A9811A82847510700DEAC32 /* SearchCityViewController.swift */; };
		3A9811AC2847510700DEAC32 /* Main.storyboard in Resources */ = {isa = PBXBuildFile; fileRef = 3A9811AA2847510700DEAC32 /* Main.storyboard */; };
		3A9811AE2847510900DEAC32 /* Assets.xcassets in Resources */ = {isa = PBXBuildFile; fileRef = 3A9811AD2847510900DEAC32 /* Assets.xcassets */; };
		3A9811B12847510900DEAC32 /* LaunchScreen.storyboard in Resources */ = {isa = PBXBuildFile; fileRef = 3A9811AF2847510900DEAC32 /* LaunchScreen.storyboard */; };
		3A9811BD2848950200DEAC32 /* UIColor+Extension.swift in Sources */ = {isa = PBXBuildFile; fileRef = 3A9811BB2848950200DEAC32 /* UIColor+Extension.swift */; };
		3A9811BE2848950200DEAC32 /* Storyboardable.swift in Sources */ = {isa = PBXBuildFile; fileRef = 3A9811BC2848950200DEAC32 /* Storyboardable.swift */; };
		3A9811CC2849A14C00DEAC32 /* SearchCityViewModel.swift in Sources */ = {isa = PBXBuildFile; fileRef = 3A9811C62849A14C00DEAC32 /* SearchCityViewModel.swift */; };
		3A9811E92849F3A900DEAC32 /* SearchCityCoordinator.swift in Sources */ = {isa = PBXBuildFile; fileRef = 3A9811E82849F3A900DEAC32 /* SearchCityCoordinator.swift */; };
		3A9811EB2849FB0100DEAC32 /* BaseCoordinator.swift in Sources */ = {isa = PBXBuildFile; fileRef = 3A9811EA2849FB0100DEAC32 /* BaseCoordinator.swift */; };
		3A9811ED2849FB1800DEAC32 /* Coordinator.swift in Sources */ = {isa = PBXBuildFile; fileRef = 3A9811EC2849FB1800DEAC32 /* Coordinator.swift */; };
/* End PBXBuildFile section */

/* Begin PBXFileReference section */
		393D1EAF07C575DE00E45B4D /* Pods-CityAirportSearch.release.xcconfig */ = {isa = PBXFileReference; includeInIndex = 1; lastKnownFileType = text.xcconfig; name = "Pods-CityAirportSearch.release.xcconfig"; path = "Target Support Files/Pods-CityAirportSearch/Pods-CityAirportSearch.release.xcconfig"; sourceTree = "<group>"; };
		3A9811A12847510700DEAC32 /* CityAirportSearch.app */ = {isa = PBXFileReference; explicitFileType = wrapper.application; includeInIndex = 0; path = CityAirportSearch.app; sourceTree = BUILT_PRODUCTS_DIR; };
		3A9811A42847510700DEAC32 /* AppDelegate.swift */ = {isa = PBXFileReference; lastKnownFileType = sourcecode.swift; path = AppDelegate.swift; sourceTree = "<group>"; };
		3A9811A62847510700DEAC32 /* SceneDelegate.swift */ = {isa = PBXFileReference; lastKnownFileType = sourcecode.swift; path = SceneDelegate.swift; sourceTree = "<group>"; };
		3A9811A82847510700DEAC32 /* SearchCityViewController.swift */ = {isa = PBXFileReference; lastKnownFileType = sourcecode.swift; path = SearchCityViewController.swift; sourceTree = "<group>"; };
		3A9811AB2847510700DEAC32 /* Base */ = {isa = PBXFileReference; lastKnownFileType = file.storyboard; name = Base; path = Base.lproj/Main.storyboard; sourceTree = "<group>"; };
		3A9811AD2847510900DEAC32 /* Assets.xcassets */ = {isa = PBXFileReference; lastKnownFileType = folder.assetcatalog; path = Assets.xcassets; sourceTree = "<group>"; };
		3A9811B02847510900DEAC32 /* Base */ = {isa = PBXFileReference; lastKnownFileType = file.storyboard; name = Base; path = Base.lproj/LaunchScreen.storyboard; sourceTree = "<group>"; };
		3A9811B22847510900DEAC32 /* Info.plist */ = {isa = PBXFileReference; lastKnownFileType = text.plist.xml; path = Info.plist; sourceTree = "<group>"; };
		3A9811BB2848950200DEAC32 /* UIColor+Extension.swift */ = {isa = PBXFileReference; fileEncoding = 4; lastKnownFileType = sourcecode.swift; path = "UIColor+Extension.swift"; sourceTree = "<group>"; };
		3A9811BC2848950200DEAC32 /* Storyboardable.swift */ = {isa = PBXFileReference; fileEncoding = 4; lastKnownFileType = sourcecode.swift; path = Storyboardable.swift; sourceTree = "<group>"; };
		3A9811C62849A14C00DEAC32 /* SearchCityViewModel.swift */ = {isa = PBXFileReference; fileEncoding = 4; lastKnownFileType = sourcecode.swift; path = SearchCityViewModel.swift; sourceTree = "<group>"; };
		3A9811E82849F3A900DEAC32 /* SearchCityCoordinator.swift */ = {isa = PBXFileReference; fileEncoding = 4; lastKnownFileType = sourcecode.swift; path = SearchCityCoordinator.swift; sourceTree = "<group>"; };
		3A9811EA2849FB0100DEAC32 /* BaseCoordinator.swift */ = {isa = PBXFileReference; fileEncoding = 4; lastKnownFileType = sourcecode.swift; path = BaseCoordinator.swift; sourceTree = "<group>"; };
		3A9811EC2849FB1800DEAC32 /* Coordinator.swift */ = {isa = PBXFileReference; fileEncoding = 4; lastKnownFileType = sourcecode.swift; path = Coordinator.swift; sourceTree = "<group>"; };
		BD8A1E2E948DCFDF0693A349 /* Pods_CityAirportSearch.framework */ = {isa = PBXFileReference; explicitFileType = wrapper.framework; includeInIndex = 0; path = Pods_CityAirportSearch.framework; sourceTree = BUILT_PRODUCTS_DIR; };
		BF2D106481CCB728F826FBC5 /* Pods-CityAirportSearch.debug.xcconfig */ = {isa = PBXFileReference; includeInIndex = 1; lastKnownFileType = text.xcconfig; name = "Pods-CityAirportSearch.debug.xcconfig"; path = "Target Support Files/Pods-CityAirportSearch/Pods-CityAirportSearch.debug.xcconfig"; sourceTree = "<group>"; };
/* End PBXFileReference section */

/* Begin PBXFrameworksBuildPhase section */
		3A98119E2847510700DEAC32 /* Frameworks */ = {
			isa = PBXFrameworksBuildPhase;
			buildActionMask = 2147483647;
			files = (
				3407806914BA9DDD4B3B197F /* Pods_CityAirportSearch.framework in Frameworks */,
			);
			runOnlyForDeploymentPostprocessing = 0;
		};
/* End PBXFrameworksBuildPhase section */

/* Begin PBXGroup section */
		0349CCD4990FFE1AE2AC8C3C /* Frameworks */ = {
			isa = PBXGroup;
			children = (
				BD8A1E2E948DCFDF0693A349 /* Pods_CityAirportSearch.framework */,
			);
			name = Frameworks;
			sourceTree = "<group>";
		};
		3A9811982847510700DEAC32 = {
			isa = PBXGroup;
			children = (
				3A9811A32847510700DEAC32 /* CityAirportSearch */,
				3A9811A22847510700DEAC32 /* Products */,
				8E6BF27589520A3D8F0A0FE5 /* Pods */,
				0349CCD4990FFE1AE2AC8C3C /* Frameworks */,
			);
			sourceTree = "<group>";
		};
		3A9811A22847510700DEAC32 /* Products */ = {
			isa = PBXGroup;
			children = (
				3A9811A12847510700DEAC32 /* CityAirportSearch.app */,
			);
			name = Products;
			sourceTree = "<group>";
		};
		3A9811A32847510700DEAC32 /* CityAirportSearch */ = {
			isa = PBXGroup;
			children = (
				3A9811E72849F39D00DEAC32 /* Coordinator */,
				3A9811BF2849A14C00DEAC32 /* ViewModel */,
				3A9811BA2848950200DEAC32 /* Shared */,
				3A9811A42847510700DEAC32 /* AppDelegate.swift */,
				3A9811A62847510700DEAC32 /* SceneDelegate.swift */,
				3A9811A82847510700DEAC32 /* SearchCityViewController.swift */,
				3A9811AA2847510700DEAC32 /* Main.storyboard */,
				3A9811AD2847510900DEAC32 /* Assets.xcassets */,
				3A9811AF2847510900DEAC32 /* LaunchScreen.storyboard */,
				3A9811B22847510900DEAC32 /* Info.plist */,
			);
			path = CityAirportSearch;
			sourceTree = "<group>";
		};
		3A9811BA2848950200DEAC32 /* Shared */ = {
			isa = PBXGroup;
			children = (
				3A9811BB2848950200DEAC32 /* UIColor+Extension.swift */,
				3A9811BC2848950200DEAC32 /* Storyboardable.swift */,
			);
			path = Shared;
			sourceTree = "<group>";
		};
		3A9811BF2849A14C00DEAC32 /* ViewModel */ = {
			isa = PBXGroup;
			children = (
				3A9811C62849A14C00DEAC32 /* SearchCityViewModel.swift */,
			);
			path = ViewModel;
			sourceTree = "<group>";
		};
		3A9811E72849F39D00DEAC32 /* Coordinator */ = {
			isa = PBXGroup;
			children = (
				3A9811EC2849FB1800DEAC32 /* Coordinator.swift */,
				3A9811EA2849FB0100DEAC32 /* BaseCoordinator.swift */,
				3A9811E82849F3A900DEAC32 /* SearchCityCoordinator.swift */,
			);
			path = Coordinator;
			sourceTree = "<group>";
		};
		8E6BF27589520A3D8F0A0FE5 /* Pods */ = {
			isa = PBXGroup;
			children = (
				BF2D106481CCB728F826FBC5 /* Pods-CityAirportSearch.debug.xcconfig */,
				393D1EAF07C575DE00E45B4D /* Pods-CityAirportSearch.release.xcconfig */,
			);
			path = Pods;
			sourceTree = "<group>";
		};
/* End PBXGroup section */

/* Begin PBXNativeTarget section */
		3A9811A02847510700DEAC32 /* CityAirportSearch */ = {
			isa = PBXNativeTarget;
			buildConfigurationList = 3A9811B52847510900DEAC32 /* Build configuration list for PBXNativeTarget "CityAirportSearch" */;
			buildPhases = (
				1E8E9F83CA96D2CB7E1A5BB9 /* [CP] Check Pods Manifest.lock */,
				3A98119D2847510700DEAC32 /* Sources */,
				3A98119E2847510700DEAC32 /* Frameworks */,
				3A98119F2847510700DEAC32 /* Resources */,
				EECBFD84B373B9D4BBFE63C7 /* [CP] Embed Pods Frameworks */,
			);
			buildRules = (
			);
			dependencies = (
			);
			name = CityAirportSearch;
			productName = CityAirportSearch;
			productReference = 3A9811A12847510700DEAC32 /* CityAirportSearch.app */;
			productType = "com.apple.product-type.application";
		};
/* End PBXNativeTarget section */

/* Begin PBXProject section */
		3A9811992847510700DEAC32 /* Project object */ = {
			isa = PBXProject;
			attributes = {
				BuildIndependentTargetsInParallel = 1;
				LastSwiftUpdateCheck = 1340;
				LastUpgradeCheck = 1340;
				TargetAttributes = {
					3A9811A02847510700DEAC32 = {
						CreatedOnToolsVersion = 13.4;
					};
				};
			};
			buildConfigurationList = 3A98119C2847510700DEAC32 /* Build configuration list for PBXProject "CityAirportSearch" */;
			compatibilityVersion = "Xcode 13.0";
			developmentRegion = en;
			hasScannedForEncodings = 0;
			knownRegions = (
				en,
				Base,
			);
			mainGroup = 3A9811982847510700DEAC32;
			productRefGroup = 3A9811A22847510700DEAC32 /* Products */;
			projectDirPath = "";
			projectRoot = "";
			targets = (
				3A9811A02847510700DEAC32 /* CityAirportSearch */,
			);
		};
/* End PBXProject section */

/* Begin PBXResourcesBuildPhase section */
		3A98119F2847510700DEAC32 /* Resources */ = {
			isa = PBXResourcesBuildPhase;
			buildActionMask = 2147483647;
			files = (
				3A9811B12847510900DEAC32 /* LaunchScreen.storyboard in Resources */,
				3A9811AE2847510900DEAC32 /* Assets.xcassets in Resources */,
				3A9811AC2847510700DEAC32 /* Main.storyboard in Resources */,
			);
			runOnlyForDeploymentPostprocessing = 0;
		};
/* End PBXResourcesBuildPhase section */

/* Begin PBXShellScriptBuildPhase section */
		1E8E9F83CA96D2CB7E1A5BB9 /* [CP] Check Pods Manifest.lock */ = {
			isa = PBXShellScriptBuildPhase;
			buildActionMask = 2147483647;
			files = (
			);
			inputFileListPaths = (
			);
			inputPaths = (
				"${PODS_PODFILE_DIR_PATH}/Podfile.lock",
				"${PODS_ROOT}/Manifest.lock",
			);
			name = "[CP] Check Pods Manifest.lock";
			outputFileListPaths = (
			);
			outputPaths = (
				"$(DERIVED_FILE_DIR)/Pods-CityAirportSearch-checkManifestLockResult.txt",
			);
			runOnlyForDeploymentPostprocessing = 0;
			shellPath = /bin/sh;
			shellScript = "diff \"${PODS_PODFILE_DIR_PATH}/Podfile.lock\" \"${PODS_ROOT}/Manifest.lock\" > /dev/null\nif [ $? != 0 ] ; then\n    # print error to STDERR\n    echo \"error: The sandbox is not in sync with the Podfile.lock. Run 'pod install' or update your CocoaPods installation.\" >&2\n    exit 1\nfi\n# This output is used by Xcode 'outputs' to avoid re-running this script phase.\necho \"SUCCESS\" > \"${SCRIPT_OUTPUT_FILE_0}\"\n";
			showEnvVarsInLog = 0;
		};
		EECBFD84B373B9D4BBFE63C7 /* [CP] Embed Pods Frameworks */ = {
			isa = PBXShellScriptBuildPhase;
			buildActionMask = 2147483647;
			files = (
			);
			inputFileListPaths = (
				"${PODS_ROOT}/Target Support Files/Pods-CityAirportSearch/Pods-CityAirportSearch-frameworks-${CONFIGURATION}-input-files.xcfilelist",
			);
			name = "[CP] Embed Pods Frameworks";
			outputFileListPaths = (
				"${PODS_ROOT}/Target Support Files/Pods-CityAirportSearch/Pods-CityAirportSearch-frameworks-${CONFIGURATION}-output-files.xcfilelist",
			);
			runOnlyForDeploymentPostprocessing = 0;
			shellPath = /bin/sh;
			shellScript = "\"${PODS_ROOT}/Target Support Files/Pods-CityAirportSearch/Pods-CityAirportSearch-frameworks.sh\"\n";
			showEnvVarsInLog = 0;
		};
/* End PBXShellScriptBuildPhase section */

/* Begin PBXSourcesBuildPhase section */
		3A98119D2847510700DEAC32 /* Sources */ = {
			isa = PBXSourcesBuildPhase;
			buildActionMask = 2147483647;
			files = (
				3A9811E92849F3A900DEAC32 /* SearchCityCoordinator.swift in Sources */,
				3A9811A92847510700DEAC32 /* SearchCityViewController.swift in Sources */,
				3A9811A52847510700DEAC32 /* AppDelegate.swift in Sources */,
				3A9811A72847510700DEAC32 /* SceneDelegate.swift in Sources */,
				3A9811CC2849A14C00DEAC32 /* SearchCityViewModel.swift in Sources */,
				3A9811BE2848950200DEAC32 /* Storyboardable.swift in Sources */,
				3A9811BD2848950200DEAC32 /* UIColor+Extension.swift in Sources */,
				3A9811EB2849FB0100DEAC32 /* BaseCoordinator.swift in Sources */,
				3A9811ED2849FB1800DEAC32 /* Coordinator.swift in Sources */,
			);
			runOnlyForDeploymentPostprocessing = 0;
		};
/* End PBXSourcesBuildPhase section */

/* Begin PBXVariantGroup section */
		3A9811AA2847510700DEAC32 /* Main.storyboard */ = {
			isa = PBXVariantGroup;
			children = (
				3A9811AB2847510700DEAC32 /* Base */,
			);
			name = Main.storyboard;
			sourceTree = "<group>";
		};
		3A9811AF2847510900DEAC32 /* LaunchScreen.storyboard */ = {
			isa = PBXVariantGroup;
			children = (
				3A9811B02847510900DEAC32 /* Base */,
			);
			name = LaunchScreen.storyboard;
			sourceTree = "<group>";
		};
/* End PBXVariantGroup section */

/* Begin XCBuildConfiguration section */
		3A9811B32847510900DEAC32 /* Debug */ = {
			isa = XCBuildConfiguration;
			buildSettings = {
				ALWAYS_SEARCH_USER_PATHS = NO;
				CLANG_ANALYZER_NONNULL = YES;
				CLANG_ANALYZER_NUMBER_OBJECT_CONVERSION = YES_AGGRESSIVE;
				CLANG_CXX_LANGUAGE_STANDARD = "gnu++17";
				CLANG_ENABLE_MODULES = YES;
				CLANG_ENABLE_OBJC_ARC = YES;
				CLANG_ENABLE_OBJC_WEAK = YES;
				CLANG_WARN_BLOCK_CAPTURE_AUTORELEASING = YES;
				CLANG_WARN_BOOL_CONVERSION = YES;
				CLANG_WARN_COMMA = YES;
				CLANG_WARN_CONSTANT_CONVERSION = YES;
				CLANG_WARN_DEPRECATED_OBJC_IMPLEMENTATIONS = YES;
				CLANG_WARN_DIRECT_OBJC_ISA_USAGE = YES_ERROR;
				CLANG_WARN_DOCUMENTATION_COMMENTS = YES;
				CLANG_WARN_EMPTY_BODY = YES;
				CLANG_WARN_ENUM_CONVERSION = YES;
				CLANG_WARN_INFINITE_RECURSION = YES;
				CLANG_WARN_INT_CONVERSION = YES;
				CLANG_WARN_NON_LITERAL_NULL_CONVERSION = YES;
				CLANG_WARN_OBJC_IMPLICIT_RETAIN_SELF = YES;
				CLANG_WARN_OBJC_LITERAL_CONVERSION = YES;
				CLANG_WARN_OBJC_ROOT_CLASS = YES_ERROR;
				CLANG_WARN_QUOTED_INCLUDE_IN_FRAMEWORK_HEADER = YES;
				CLANG_WARN_RANGE_LOOP_ANALYSIS = YES;
				CLANG_WARN_STRICT_PROTOTYPES = YES;
				CLANG_WARN_SUSPICIOUS_MOVE = YES;
				CLANG_WARN_UNGUARDED_AVAILABILITY = YES_AGGRESSIVE;
				CLANG_WARN_UNREACHABLE_CODE = YES;
				CLANG_WARN__DUPLICATE_METHOD_MATCH = YES;
				COPY_PHASE_STRIP = NO;
				DEBUG_INFORMATION_FORMAT = dwarf;
				ENABLE_STRICT_OBJC_MSGSEND = YES;
				ENABLE_TESTABILITY = YES;
				GCC_C_LANGUAGE_STANDARD = gnu11;
				GCC_DYNAMIC_NO_PIC = NO;
				GCC_NO_COMMON_BLOCKS = YES;
				GCC_OPTIMIZATION_LEVEL = 0;
				GCC_PREPROCESSOR_DEFINITIONS = (
					"DEBUG=1",
					"$(inherited)",
				);
				GCC_WARN_64_TO_32_BIT_CONVERSION = YES;
				GCC_WARN_ABOUT_RETURN_TYPE = YES_ERROR;
				GCC_WARN_UNDECLARED_SELECTOR = YES;
				GCC_WARN_UNINITIALIZED_AUTOS = YES_AGGRESSIVE;
				GCC_WARN_UNUSED_FUNCTION = YES;
				GCC_WARN_UNUSED_VARIABLE = YES;
				IPHONEOS_DEPLOYMENT_TARGET = 15.5;
				MTL_ENABLE_DEBUG_INFO = INCLUDE_SOURCE;
				MTL_FAST_MATH = YES;
				ONLY_ACTIVE_ARCH = YES;
				SDKROOT = iphoneos;
				SWIFT_ACTIVE_COMPILATION_CONDITIONS = DEBUG;
				SWIFT_OPTIMIZATION_LEVEL = "-Onone";
			};
			name = Debug;
		};
		3A9811B42847510900DEAC32 /* Release */ = {
			isa = XCBuildConfiguration;
			buildSettings = {
				ALWAYS_SEARCH_USER_PATHS = NO;
				CLANG_ANALYZER_NONNULL = YES;
				CLANG_ANALYZER_NUMBER_OBJECT_CONVERSION = YES_AGGRESSIVE;
				CLANG_CXX_LANGUAGE_STANDARD = "gnu++17";
				CLANG_ENABLE_MODULES = YES;
				CLANG_ENABLE_OBJC_ARC = YES;
				CLANG_ENABLE_OBJC_WEAK = YES;
				CLANG_WARN_BLOCK_CAPTURE_AUTORELEASING = YES;
				CLANG_WARN_BOOL_CONVERSION = YES;
				CLANG_WARN_COMMA = YES;
				CLANG_WARN_CONSTANT_CONVERSION = YES;
				CLANG_WARN_DEPRECATED_OBJC_IMPLEMENTATIONS = YES;
				CLANG_WARN_DIRECT_OBJC_ISA_USAGE = YES_ERROR;
				CLANG_WARN_DOCUMENTATION_COMMENTS = YES;
				CLANG_WARN_EMPTY_BODY = YES;
				CLANG_WARN_ENUM_CONVERSION = YES;
				CLANG_WARN_INFINITE_RECURSION = YES;
				CLANG_WARN_INT_CONVERSION = YES;
				CLANG_WARN_NON_LITERAL_NULL_CONVERSION = YES;
				CLANG_WARN_OBJC_IMPLICIT_RETAIN_SELF = YES;
				CLANG_WARN_OBJC_LITERAL_CONVERSION = YES;
				CLANG_WARN_OBJC_ROOT_CLASS = YES_ERROR;
				CLANG_WARN_QUOTED_INCLUDE_IN_FRAMEWORK_HEADER = YES;
				CLANG_WARN_RANGE_LOOP_ANALYSIS = YES;
				CLANG_WARN_STRICT_PROTOTYPES = YES;
				CLANG_WARN_SUSPICIOUS_MOVE = YES;
				CLANG_WARN_UNGUARDED_AVAILABILITY = YES_AGGRESSIVE;
				CLANG_WARN_UNREACHABLE_CODE = YES;
				CLANG_WARN__DUPLICATE_METHOD_MATCH = YES;
				COPY_PHASE_STRIP = NO;
				DEBUG_INFORMATION_FORMAT = "dwarf-with-dsym";
				ENABLE_NS_ASSERTIONS = NO;
				ENABLE_STRICT_OBJC_MSGSEND = YES;
				GCC_C_LANGUAGE_STANDARD = gnu11;
				GCC_NO_COMMON_BLOCKS = YES;
				GCC_WARN_64_TO_32_BIT_CONVERSION = YES;
				GCC_WARN_ABOUT_RETURN_TYPE = YES_ERROR;
				GCC_WARN_UNDECLARED_SELECTOR = YES;
				GCC_WARN_UNINITIALIZED_AUTOS = YES_AGGRESSIVE;
				GCC_WARN_UNUSED_FUNCTION = YES;
				GCC_WARN_UNUSED_VARIABLE = YES;
				IPHONEOS_DEPLOYMENT_TARGET = 15.5;
				MTL_ENABLE_DEBUG_INFO = NO;
				MTL_FAST_MATH = YES;
				SDKROOT = iphoneos;
				SWIFT_COMPILATION_MODE = wholemodule;
				SWIFT_OPTIMIZATION_LEVEL = "-O";
				VALIDATE_PRODUCT = YES;
			};
			name = Release;
		};
		3A9811B62847510900DEAC32 /* Debug */ = {
			isa = XCBuildConfiguration;
			baseConfigurationReference = BF2D106481CCB728F826FBC5 /* Pods-CityAirportSearch.debug.xcconfig */;
			buildSettings = {
				ASSETCATALOG_COMPILER_APPICON_NAME = AppIcon;
				ASSETCATALOG_COMPILER_GLOBAL_ACCENT_COLOR_NAME = AccentColor;
				CODE_SIGN_STYLE = Automatic;
				CURRENT_PROJECT_VERSION = 1;
				DEVELOPMENT_TEAM = TTJ8ACNPDZ;
				GENERATE_INFOPLIST_FILE = YES;
				INFOPLIST_FILE = CityAirportSearch/Info.plist;
				INFOPLIST_KEY_UIApplicationSupportsIndirectInputEvents = YES;
				INFOPLIST_KEY_UILaunchStoryboardName = LaunchScreen;
				INFOPLIST_KEY_UISupportedInterfaceOrientations_iPad = "UIInterfaceOrientationPortrait UIInterfaceOrientationPortraitUpsideDown UIInterfaceOrientationLandscapeLeft UIInterfaceOrientationLandscapeRight";
				INFOPLIST_KEY_UISupportedInterfaceOrientations_iPhone = "UIInterfaceOrientationPortrait UIInterfaceOrientationLandscapeLeft UIInterfaceOrientationLandscapeRight";
				LD_RUNPATH_SEARCH_PATHS = (
					"$(inherited)",
					"@executable_path/Frameworks",
				);
				MARKETING_VERSION = 1.0;
				PRODUCT_BUNDLE_IDENTIFIER = Taewoo.CityAirportSearch;
				PRODUCT_NAME = "$(TARGET_NAME)";
				SWIFT_EMIT_LOC_STRINGS = YES;
				SWIFT_VERSION = 5.0;
				TARGETED_DEVICE_FAMILY = "1,2";
			};
			name = Debug;
		};
		3A9811B72847510900DEAC32 /* Release */ = {
			isa = XCBuildConfiguration;
			baseConfigurationReference = 393D1EAF07C575DE00E45B4D /* Pods-CityAirportSearch.release.xcconfig */;
			buildSettings = {
				ASSETCATALOG_COMPILER_APPICON_NAME = AppIcon;
				ASSETCATALOG_COMPILER_GLOBAL_ACCENT_COLOR_NAME = AccentColor;
				CODE_SIGN_STYLE = Automatic;
				CURRENT_PROJECT_VERSION = 1;
				DEVELOPMENT_TEAM = TTJ8ACNPDZ;
				GENERATE_INFOPLIST_FILE = YES;
				INFOPLIST_FILE = CityAirportSearch/Info.plist;
				INFOPLIST_KEY_UIApplicationSupportsIndirectInputEvents = YES;
				INFOPLIST_KEY_UILaunchStoryboardName = LaunchScreen;
				INFOPLIST_KEY_UISupportedInterfaceOrientations_iPad = "UIInterfaceOrientationPortrait UIInterfaceOrientationPortraitUpsideDown UIInterfaceOrientationLandscapeLeft UIInterfaceOrientationLandscapeRight";
				INFOPLIST_KEY_UISupportedInterfaceOrientations_iPhone = "UIInterfaceOrientationPortrait UIInterfaceOrientationLandscapeLeft UIInterfaceOrientationLandscapeRight";
				LD_RUNPATH_SEARCH_PATHS = (
					"$(inherited)",
					"@executable_path/Frameworks",
				);
				MARKETING_VERSION = 1.0;
				PRODUCT_BUNDLE_IDENTIFIER = Taewoo.CityAirportSearch;
				PRODUCT_NAME = "$(TARGET_NAME)";
				SWIFT_EMIT_LOC_STRINGS = YES;
				SWIFT_VERSION = 5.0;
				TARGETED_DEVICE_FAMILY = "1,2";
			};
			name = Release;
		};
/* End XCBuildConfiguration section */

/* Begin XCConfigurationList section */
		3A98119C2847510700DEAC32 /* Build configuration list for PBXProject "CityAirportSearch" */ = {
			isa = XCConfigurationList;
			buildConfigurations = (
				3A9811B32847510900DEAC32 /* Debug */,
				3A9811B42847510900DEAC32 /* Release */,
			);
			defaultConfigurationIsVisible = 0;
			defaultConfigurationName = Release;
		};
		3A9811B52847510900DEAC32 /* Build configuration list for PBXNativeTarget "CityAirportSearch" */ = {
			isa = XCConfigurationList;
			buildConfigurations = (
				3A9811B62847510900DEAC32 /* Debug */,
				3A9811B72847510900DEAC32 /* Release */,
			);
			defaultConfigurationIsVisible = 0;
			defaultConfigurationName = Release;
		};
/* End XCConfigurationList section */
	};
	rootObject = 3A9811992847510700DEAC32 /* Project object */;
}
